{
  "nodes": {
    "flake-parts": {
      "inputs": {
        "nixpkgs-lib": "nixpkgs-lib"
      },
      "locked": {
        "lastModified": 1788450739,
        "narHash": "sha256-glZLQlzIn1fXH6PazR2iUmTo7kzzyYSshrWhLS9TqCU=",
        "owner": "hercules-ci",
        "repo": "flake-parts",
        "rev": "31729ca8cbdb4fa927b34e5f4353e6a83f39e993",
        "type": "github"
      },
      "original": {
        "owner": "hercules-ci",
        "repo": "flake-parts",
        "type": "github"
      }
    },
    "nixpkgs": {
      "locked": {
        "lastModified": 1790578696,
        "narHash": "sha256-ZoxIApko70jCdbH3l20HWXOBaT2HZd87orzd2yJ9dVE=",
        "owner": "NixOS",
        "repo": "nixpkgs",
        "rev": "7a0f122f5090cf4c2ade2a13a0e229d4e19ba71f",
        "type": "github"
      },
      "original": {
        "owner": "NixOS",
        "ref": "nixos-unstable",
        "repo": "nixpkgs",
        "type": "github"
      }
    },
    "nixpkgs-lib": {
      "locked": {
        "lastModified": 1788057806,
        "narHash": "sha256-DTQSMxzDWmT0zhguthvegnVkn7CFqGCv4IHCzk5ZUpM=",
        "owner": "nix-community",
        "repo": "nixpkgs.lib",
        "rev": "596e2e3940e09b2abbeb03f75fa1828c57fcd72c",
        "type": "github"
      },
      "original": {
        "owner": "nix-community",
        "repo": "nixpkgs.lib",
        "type": "github"
      }
    },
    "nixpkgs-php74": {
      "locked": {
        "lastModified": 1652911770,
        "narHash": "sha256-wf/Lg7Yi2uq5iaYxQ+soH1Q6OAW+VdqU0WYTEifmeLc=",
        "owner": "NixOS",
        "repo": "nixpkgs",
        "rev": "6e3a86f2f73a466656a401302d3ece26fba401d9",
        "type": "github"
      },
      "original": {
        "owner": "NixOS",
        "repo": "nixpkgs",
        "rev": "6e3a86f2f73a466656a401302d3ece26fba401d9",
        "type": "github"
      }
    },
    "nixpkgs-php81": {
      "locked": {
        "lastModified": 1758213207,
        "narHash": "sha256-rqoqF0LEi+6ZT59tr+hTQlxVwrzQsET01U4uUdmqRtM=",
        "owner": "NixOS",
        "repo": "nixpkgs",
        "rev": "f4b140d5b253f5e2a1ff4e5506edbf8267724bde",
        "type": "github"
      },
      "original": {
        "owner": "NixOS",
        "repo": "nixpkgs",
        "rev": "f4b140d5b253f5e2a1ff4e5506edbf8267724bde",
        "type": "github"
      }
    },
    "process-compose-flake": {
      "locked": {
        "lastModified": 1782060835,
        "narHash": "sha256-Q8HH2t1l3MITtWCWY4ytcH5F/Q7aAHo3Iq/QTMAKTe0=",
        "owner": "Platonic-Systems",
        "repo": "process-compose-flake",
        "rev": "464ff6880737f063c3f0d3d2c7781fda9190868f",
        "type": "github"
      },
      "original": {
        "owner": "Platonic-Systems",
        "repo": "process-compose-flake",
        "type": "github"
      }
    },
    "root": {
      "inputs": {
        "flake-parts": "flake-parts",
        "nixpkgs": "nixpkgs",
        "nixpkgs-php74": "nixpkgs-php74",
        "nixpkgs-php81": "nixpkgs-php81",
        "process-compose-flake": "process-compose-flake",
        "services-flake": "services-flake",
        "systems": "systems"
      }
    },
    "services-flake": {
      "locked": {
        "lastModified": 1790589337,
        "narHash": "sha256-MYVOWl/+4wAGrWDMDrFWe3Iu6QvHGa2QVH4v77+FcFw=",
        "owner": "juspay",
        "repo": "services-flake",
        "rev": "d439d48bc7de628281ff903491807b8056bd9b6c",
        "type": "github"
      },
      "original": {
        "owner": "juspay",
        "repo": "services-flake",
        "type": "github"
      }
    },
    "systems": {
      "locked": {
        "lastModified": 1681028828,
        "narHash": "sha256-Vy1rq5AaRuLzOxct8nz4T6wlgyUR7zLU309k9mBC768=",
        "owner": "nix-systems",
        "repo": "default",
        "rev": "da67096a3b9bf56a91d16901293e51ba5b49a27e",
        "type": "github"
      },
      "original": {
        "owner": "nix-systems",
        "repo": "default",
        "type": "github"
      }
    }
  },
  "root": "root",
  "version": 7
}
